
Microsoft Visual Studio Solution File, Format Version 12.00
# Visual Studio Version 17
VisualStudioVersion = 17.4.33205.214
MinimumVisualStudioVersion = 10.0.40219.1
Project("{FAE04EC0-301F-11D3-BF4B-00C04F79EFBC}") = "Proyecto0015", "Proyecto0015\Proyecto0015.csproj", "{8365BB7F-FF23-47D9-8390-E6CB35FAEF63}"
EndProject
Global
	GlobalSection(SolutionConfigurationPlatforms) = preSolution
		Debug|Any CPU = Debug|Any CPU
		Release|Any CPU = Release|Any CPU
	EndGlobalSection
	GlobalSection(ProjectConfigurationPlatforms) = postSolution
		{8365BB7F-FF23-47D9-8390-E6CB35FAEF63}.Debug|Any CPU.ActiveCfg = Debug|Any CPU
		{8365BB7F-FF23-47D9-8390-E6CB35FAEF63}.Debug|Any CPU.Build.0 = Debug|Any CPU
		{8365BB7F-FF23-47D9-8390-E6CB35FAEF63}.Release|Any CPU.ActiveCfg = Release|Any CPU
		{8365BB7F-FF23-47D9-8390-E6CB35FAEF63}.Release|Any CPU.Build.0 = Release|Any CPU
	EndGlobalSection
	GlobalSection(SolutionProperties) = preSolution
		HideSolutionNode = FALSE
	EndGlobalSection
	GlobalSection(ExtensibilityGlobals) = postSolution
		SolutionGuid = {84775215-0CAB-47E2-85CB-F8A06D5BA993}
	EndGlobalSection
EndGlobal
