
Microsoft Visual Studio Solution File, Format Version 12.00
# Visual Studio Version 17
VisualStudioVersion = 17.4.33205.214
MinimumVisualStudioVersion = 10.0.40219.1
Project("{FAE04EC0-301F-11D3-BF4B-00C04F79EFBC}") = "Proyecto0009", "Proyecto0009\Proyecto0009.csproj", "{3CED53D1-24CF-4E7C-B0F6-FE9638B30879}"
EndProject
Global
	GlobalSection(SolutionConfigurationPlatforms) = preSolution
		Debug|Any CPU = Debug|Any CPU
		Release|Any CPU = Release|Any CPU
	EndGlobalSection
	GlobalSection(ProjectConfigurationPlatforms) = postSolution
		{3CED53D1-24CF-4E7C-B0F6-FE9638B30879}.Debug|Any CPU.ActiveCfg = Debug|Any CPU
		{3CED53D1-24CF-4E7C-B0F6-FE9638B30879}.Debug|Any CPU.Build.0 = Debug|Any CPU
		{3CED53D1-24CF-4E7C-B0F6-FE9638B30879}.Release|Any CPU.ActiveCfg = Release|Any CPU
		{3CED53D1-24CF-4E7C-B0F6-FE9638B30879}.Release|Any CPU.Build.0 = Release|Any CPU
	EndGlobalSection
	GlobalSection(SolutionProperties) = preSolution
		HideSolutionNode = FALSE
	EndGlobalSection
	GlobalSection(ExtensibilityGlobals) = postSolution
		SolutionGuid = {C26AC77D-DD69-47EA-9DD0-392D3A382147}
	EndGlobalSection
EndGlobal
