
Microsoft Visual Studio Solution File, Format Version 12.00
# Visual Studio Version 17
VisualStudioVersion = 17.4.33205.214
MinimumVisualStudioVersion = 10.0.40219.1
Project("{FAE04EC0-301F-11D3-BF4B-00C04F79EFBC}") = "Proyecto0003", "Proyecto0003\Proyecto0003.csproj", "{48DB4161-66D2-473D-8702-91507420ADC4}"
EndProject
Global
	GlobalSection(SolutionConfigurationPlatforms) = preSolution
		Debug|Any CPU = Debug|Any CPU
		Release|Any CPU = Release|Any CPU
	EndGlobalSection
	GlobalSection(ProjectConfigurationPlatforms) = postSolution
		{48DB4161-66D2-473D-8702-91507420ADC4}.Debug|Any CPU.ActiveCfg = Debug|Any CPU
		{48DB4161-66D2-473D-8702-91507420ADC4}.Debug|Any CPU.Build.0 = Debug|Any CPU
		{48DB4161-66D2-473D-8702-91507420ADC4}.Release|Any CPU.ActiveCfg = Release|Any CPU
		{48DB4161-66D2-473D-8702-91507420ADC4}.Release|Any CPU.Build.0 = Release|Any CPU
	EndGlobalSection
	GlobalSection(SolutionProperties) = preSolution
		HideSolutionNode = FALSE
	EndGlobalSection
	GlobalSection(ExtensibilityGlobals) = postSolution
		SolutionGuid = {D94E3E5C-4D77-42C1-98D3-2B9B39A15268}
	EndGlobalSection
EndGlobal
