
Microsoft Visual Studio Solution File, Format Version 12.00
# Visual Studio Version 17
VisualStudioVersion = 17.4.33205.214
MinimumVisualStudioVersion = 10.0.40219.1
Project("{FAE04EC0-301F-11D3-BF4B-00C04F79EFBC}") = "Proyecto0004", "Proyecto0004\Proyecto0004.csproj", "{D6AB34C7-0912-4947-BEDD-8662F9B192C7}"
EndProject
Global
	GlobalSection(SolutionConfigurationPlatforms) = preSolution
		Debug|Any CPU = Debug|Any CPU
		Release|Any CPU = Release|Any CPU
	EndGlobalSection
	GlobalSection(ProjectConfigurationPlatforms) = postSolution
		{D6AB34C7-0912-4947-BEDD-8662F9B192C7}.Debug|Any CPU.ActiveCfg = Debug|Any CPU
		{D6AB34C7-0912-4947-BEDD-8662F9B192C7}.Debug|Any CPU.Build.0 = Debug|Any CPU
		{D6AB34C7-0912-4947-BEDD-8662F9B192C7}.Release|Any CPU.ActiveCfg = Release|Any CPU
		{D6AB34C7-0912-4947-BEDD-8662F9B192C7}.Release|Any CPU.Build.0 = Release|Any CPU
	EndGlobalSection
	GlobalSection(SolutionProperties) = preSolution
		HideSolutionNode = FALSE
	EndGlobalSection
	GlobalSection(ExtensibilityGlobals) = postSolution
		SolutionGuid = {51D35B74-606F-407F-89F8-7AB903EC0873}
	EndGlobalSection
EndGlobal
