
Microsoft Visual Studio Solution File, Format Version 12.00
# Visual Studio Version 17
VisualStudioVersion = 17.4.33205.214
MinimumVisualStudioVersion = 10.0.40219.1
Project("{FAE04EC0-301F-11D3-BF4B-00C04F79EFBC}") = "Proyecto0002", "Proyecto0002\Proyecto0002.csproj", "{BDFA8700-56C1-46AD-ACC3-C315D42D8F50}"
EndProject
Global
	GlobalSection(SolutionConfigurationPlatforms) = preSolution
		Debug|Any CPU = Debug|Any CPU
		Release|Any CPU = Release|Any CPU
	EndGlobalSection
	GlobalSection(ProjectConfigurationPlatforms) = postSolution
		{BDFA8700-56C1-46AD-ACC3-C315D42D8F50}.Debug|Any CPU.ActiveCfg = Debug|Any CPU
		{BDFA8700-56C1-46AD-ACC3-C315D42D8F50}.Debug|Any CPU.Build.0 = Debug|Any CPU
		{BDFA8700-56C1-46AD-ACC3-C315D42D8F50}.Release|Any CPU.ActiveCfg = Release|Any CPU
		{BDFA8700-56C1-46AD-ACC3-C315D42D8F50}.Release|Any CPU.Build.0 = Release|Any CPU
	EndGlobalSection
	GlobalSection(SolutionProperties) = preSolution
		HideSolutionNode = FALSE
	EndGlobalSection
	GlobalSection(ExtensibilityGlobals) = postSolution
		SolutionGuid = {1B9FAE51-F352-4763-BCB4-4C391498C708}
	EndGlobalSection
EndGlobal
