
Microsoft Visual Studio Solution File, Format Version 12.00
# Visual Studio Version 17
VisualStudioVersion = 17.4.33205.214
MinimumVisualStudioVersion = 10.0.40219.1
Project("{FAE04EC0-301F-11D3-BF4B-00C04F79EFBC}") = "Proyecto0027", "Proyecto0027\Proyecto0027.csproj", "{9ED9AADF-5A7D-4129-91EF-4CCDF17CE59A}"
EndProject
Global
	GlobalSection(SolutionConfigurationPlatforms) = preSolution
		Debug|Any CPU = Debug|Any CPU
		Release|Any CPU = Release|Any CPU
	EndGlobalSection
	GlobalSection(ProjectConfigurationPlatforms) = postSolution
		{9ED9AADF-5A7D-4129-91EF-4CCDF17CE59A}.Debug|Any CPU.ActiveCfg = Debug|Any CPU
		{9ED9AADF-5A7D-4129-91EF-4CCDF17CE59A}.Debug|Any CPU.Build.0 = Debug|Any CPU
		{9ED9AADF-5A7D-4129-91EF-4CCDF17CE59A}.Release|Any CPU.ActiveCfg = Release|Any CPU
		{9ED9AADF-5A7D-4129-91EF-4CCDF17CE59A}.Release|Any CPU.Build.0 = Release|Any CPU
	EndGlobalSection
	GlobalSection(SolutionProperties) = preSolution
		HideSolutionNode = FALSE
	EndGlobalSection
	GlobalSection(ExtensibilityGlobals) = postSolution
		SolutionGuid = {F7A949AF-AB8E-4872-9527-3B8B91A98CFF}
	EndGlobalSection
EndGlobal
